<?xml version="1.0"?>
<CONFIG>
  <ProjectOptions>
    <Version Value="9"/>
    <PathDelim Value="\"/>
    <General>
      <Flags>
        <SaveClosedFiles Value="False"/>
        <MainUnitHasCreateFormStatements Value="False"/>
        <MainUnitHasTitleStatement Value="False"/>
      </Flags>
      <MainUnit Value="0"/>
      <Title Value="project1"/>
      <UseAppBundle Value="False"/>
      <ResourceType Value="res"/>
      <ActiveWindowIndexAtStart Value="0"/>
    </General>
    <i18n>
      <EnableI18N LFM="False"/>
    </i18n>
    <VersionInfo>
      <StringTable ProductVersion=""/>
    </VersionInfo>
    <BuildModes Count="1" Active="Default">
      <Item1 Name="Default" Default="True"/>
    </BuildModes>
    <PublishOptions>
      <Version Value="2"/>
      <IncludeFileFilter Value="*.(pas|pp|inc|lfm|lpr|lrs|lpi|lpk|sh|xml)"/>
      <ExcludeFileFilter Value="*.(bak|ppu|o|so);*~;backup"/>
    </PublishOptions>
    <RunParams>
      <local>
        <FormatVersion Value="1"/>
        <CommandLineParams Value="asm"/>
        <WorkingDirectory Value="C:\Users\jepjoh2\Desktop\projects\dcob\f"/>
      </local>
    </RunParams>
    <Units Count="6">
      <Unit0>
        <Filename Value="doc.lpr"/>
        <IsPartOfProject Value="True"/>
        <UnitName Value="doc"/>
        <IsVisibleTab Value="True"/>
        <EditorIndex Value="0"/>
        <WindowIndex Value="0"/>
        <TopLine Value="4062"/>
        <CursorPos X="37" Y="4074"/>
        <UsageCount Value="60"/>
        <Loaded Value="True"/>
      </Unit0>
      <Unit1>
        <Filename Value="symtab.pas"/>
        <IsPartOfProject Value="True"/>
        <UnitName Value="symtab"/>
        <EditorIndex Value="3"/>
        <WindowIndex Value="0"/>
        <TopLine Value="95"/>
        <CursorPos X="18" Y="109"/>
        <UsageCount Value="60"/>
        <Loaded Value="True"/>
      </Unit1>
      <Unit2>
        <Filename Value="ntypes.pas"/>
        <IsPartOfProject Value="True"/>
        <UnitName Value="ntypes"/>
        <EditorIndex Value="1"/>
        <WindowIndex Value="0"/>
        <TopLine Value="130"/>
        <CursorPos X="54" Y="133"/>
        <UsageCount Value="60"/>
        <Loaded Value="True"/>
      </Unit2>
      <Unit3>
        <Filename Value="instr.pas"/>
        <IsPartOfProject Value="True"/>
        <UnitName Value="instr"/>
        <EditorIndex Value="5"/>
        <WindowIndex Value="0"/>
        <TopLine Value="1"/>
        <CursorPos X="19" Y="27"/>
        <UsageCount Value="60"/>
        <Loaded Value="True"/>
      </Unit3>
      <Unit4>
        <Filename Value="ninbuilt.pas"/>
        <IsPartOfProject Value="True"/>
        <UnitName Value="ninbuilt"/>
        <EditorIndex Value="4"/>
        <WindowIndex Value="0"/>
        <TopLine Value="1"/>
        <CursorPos X="12" Y="7"/>
        <UsageCount Value="60"/>
        <Loaded Value="True"/>
      </Unit4>
      <Unit5>
        <Filename Value="paths.pas"/>
        <IsPartOfProject Value="True"/>
        <UnitName Value="paths"/>
        <EditorIndex Value="2"/>
        <WindowIndex Value="0"/>
        <TopLine Value="1"/>
        <CursorPos X="47" Y="21"/>
        <UsageCount Value="40"/>
        <Loaded Value="True"/>
      </Unit5>
    </Units>
    <JumpHistory Count="30" HistoryIndex="28">
      <Position1>
        <Filename Value="doc.lpr"/>
        <Caret Line="441" Column="67" TopLine="415"/>
      </Position1>
      <Position2>
        <Filename Value="doc.lpr"/>
        <Caret Line="3994" Column="34" TopLine="3974"/>
      </Position2>
      <Position3>
        <Filename Value="doc.lpr"/>
        <Caret Line="544" Column="48" TopLine="524"/>
      </Position3>
      <Position4>
        <Filename Value="doc.lpr"/>
        <Caret Line="708" Column="38" TopLine="688"/>
      </Position4>
      <Position5>
        <Filename Value="doc.lpr"/>
        <Caret Line="1" Column="1" TopLine="1"/>
      </Position5>
      <Position6>
        <Filename Value="doc.lpr"/>
        <Caret Line="219" Column="13" TopLine="196"/>
      </Position6>
      <Position7>
        <Filename Value="doc.lpr"/>
        <Caret Line="942" Column="16" TopLine="919"/>
      </Position7>
      <Position8>
        <Filename Value="doc.lpr"/>
        <Caret Line="1789" Column="30" TopLine="1766"/>
      </Position8>
      <Position9>
        <Filename Value="doc.lpr"/>
        <Caret Line="3042" Column="34" TopLine="3019"/>
      </Position9>
      <Position10>
        <Filename Value="doc.lpr"/>
        <Caret Line="3048" Column="34" TopLine="3025"/>
      </Position10>
      <Position11>
        <Filename Value="doc.lpr"/>
        <Caret Line="3172" Column="30" TopLine="3149"/>
      </Position11>
      <Position12>
        <Filename Value="doc.lpr"/>
        <Caret Line="3048" Column="28" TopLine="3025"/>
      </Position12>
      <Position13>
        <Filename Value="doc.lpr"/>
        <Caret Line="3172" Column="30" TopLine="3149"/>
      </Position13>
      <Position14>
        <Filename Value="doc.lpr"/>
        <Caret Line="1" Column="1" TopLine="1"/>
      </Position14>
      <Position15>
        <Filename Value="doc.lpr"/>
        <Caret Line="219" Column="13" TopLine="172"/>
      </Position15>
      <Position16>
        <Filename Value="doc.lpr"/>
        <Caret Line="1" Column="1" TopLine="1"/>
      </Position16>
      <Position17>
        <Filename Value="doc.lpr"/>
        <Caret Line="2018" Column="22" TopLine="1995"/>
      </Position17>
      <Position18>
        <Filename Value="doc.lpr"/>
        <Caret Line="787" Column="30" TopLine="773"/>
      </Position18>
      <Position19>
        <Filename Value="doc.lpr"/>
        <Caret Line="4203" Column="10" TopLine="4179"/>
      </Position19>
      <Position20>
        <Filename Value="doc.lpr"/>
        <Caret Line="4061" Column="36" TopLine="4047"/>
      </Position20>
      <Position21>
        <Filename Value="doc.lpr"/>
        <Caret Line="4072" Column="41" TopLine="4047"/>
      </Position21>
      <Position22>
        <Filename Value="doc.lpr"/>
        <Caret Line="4073" Column="41" TopLine="4058"/>
      </Position22>
      <Position23>
        <Filename Value="doc.lpr"/>
        <Caret Line="4063" Column="50" TopLine="4060"/>
      </Position23>
      <Position24>
        <Filename Value="doc.lpr"/>
        <Caret Line="4099" Column="38" TopLine="4072"/>
      </Position24>
      <Position25>
        <Filename Value="doc.lpr"/>
        <Caret Line="32" Column="13" TopLine="17"/>
      </Position25>
      <Position26>
        <Filename Value="doc.lpr"/>
        <Caret Line="4065" Column="46" TopLine="4051"/>
      </Position26>
      <Position27>
        <Filename Value="doc.lpr"/>
        <Caret Line="4078" Column="40" TopLine="4064"/>
      </Position27>
      <Position28>
        <Filename Value="doc.lpr"/>
        <Caret Line="4080" Column="46" TopLine="4064"/>
      </Position28>
      <Position29>
        <Filename Value="doc.lpr"/>
        <Caret Line="4097" Column="23" TopLine="4083"/>
      </Position29>
      <Position30>
        <Filename Value="doc.lpr"/>
        <Caret Line="32" Column="5" TopLine="18"/>
      </Position30>
    </JumpHistory>
  </ProjectOptions>
  <CompilerOptions>
    <Version Value="11"/>
    <PathDelim Value="\"/>
    <Target>
      <Filename Value="doc"/>
    </Target>
    <SearchPaths>
      <IncludeFiles Value="$(ProjOutDir)"/>
      <UnitOutputDirectory Value="lib\$(TargetCPU)-$(TargetOS)"/>
    </SearchPaths>
    <CodeGeneration>
      <Checks>
        <IOChecks Value="True"/>
        <OverflowChecks Value="True"/>
      </Checks>
      <Optimizations>
        <OptimizationLevel Value="2"/>
      </Optimizations>
    </CodeGeneration>
    <Other>
      <CompilerMessages>
        <MsgFileName Value=""/>
      </CompilerMessages>
      <CompilerPath Value="$(CompPath)"/>
    </Other>
  </CompilerOptions>
  <Debugging>
    <Exceptions Count="3">
      <Item1>
        <Name Value="EAbort"/>
      </Item1>
      <Item2>
        <Name Value="ECodetoolError"/>
      </Item2>
      <Item3>
        <Name Value="EFOpenError"/>
      </Item3>
    </Exceptions>
  </Debugging>
</CONFIG>
